<?xml version="1.0" encoding="utf-8"?>
<Project ToolsVersion="4.0" xmlns="http://schemas.microsoft.com/developer/msbuild/2003">
  <ItemGroup>
    <Filter Include="Resources">
      <UniqueIdentifier>accd3aa8-1ba0-4223-9bbe-0c431709210b</UniqueIdentifier>
      <Extensions>rc;ico;cur;bmp;dlg;rc2;rct;bin;rgs;gif;jpg;jpeg;jpe;resx;tga;tiff;tif;png;wav;mfcribbon-ms</Extensions>
    </Filter>
    <Filter Include="Generated Files">
      <UniqueIdentifier>{926ab91d-31b4-48c3-b9a4-e681349f27f0}</UniqueIdentifier>
    </Filter>
    <Filter Include="Resources\en-US">
      <UniqueIdentifier>{ee3ff32f-d013-49cb-8eb9-1ec084585086}</UniqueIdentifier>
    </Filter>
    <Filter Include="Module">
      <UniqueIdentifier>{091e7617-c506-4742-82fc-75e7ca32e2fe}</UniqueIdentifier>
    </Filter>
  </ItemGroup>
  <ItemGroup>
    <ClCompile Include="init.cpp">
      <Filter>Module</Filter>
    </ClCompile>
    <ClCompile Include="$(GeneratedFilesDir)module.g.cpp">
      <Filter>Module</Filter>
    </ClCompile>
    <ClCompile Include="pch.cpp">
      <Filter>Module</Filter>
    </ClCompile>
  </ItemGroup>
  <ItemGroup>
    <ClInclude Include="pch.h" />
  </ItemGroup>
  <ItemGroup>
    <Midl Include="ResourceString.idl" />
  </ItemGroup>
  <ItemGroup>
    <Natvis Include="$(SolutionDir)tools\ConsoleTypes.natvis" />
  </ItemGroup>
</Project>