# This file is automatically @generated by Cargo.
# It is not intended for manual editing.
version = 4

[[package]]
name = "cfg-if"
version = "1.0.3"
source = "registry+https://github.com/rust-lang/crates.io-index"
checksum = "2fd1289c04a9ea8cb22300a459a72a385d7c73d3259e2ed7dcb2af674838cfa9"

[[package]]
name = "encoding_rs"
version = "0.8.35"
source = "registry+https://github.com/rust-lang/crates.io-index"
checksum = "75030f3c4f45dafd7586dd6780965a8c7e8e285a5ecb86713e63a79c5b2766f3"
dependencies = [
 "cfg-if",
]

[[package]]
name = "terminal-adapter"
version = "0.0.0"
dependencies = [
 "terminal-buffer",
 "terminal-input",
 "terminal-parser",
]

[[package]]
name = "terminal-app"
version = "0.0.0"

[[package]]
name = "terminal-buffer"
version = "0.0.0"
dependencies = [
 "unicode-segmentation",
 "unicode-width",
]

[[package]]
name = "terminal-core"
version = "0.0.0"
dependencies = [
 "terminal-buffer",
]

[[package]]
name = "terminal-foundation"
version = "0.0.0"

[[package]]
name = "terminal-host"
version = "0.0.0"
dependencies = [
 "encoding_rs",
 "terminal-buffer",
]

[[package]]
name = "terminal-input"
version = "0.0.0"

[[package]]
name = "terminal-parser"
version = "0.0.0"

[[package]]
name = "terminal-parser-ffi"
version = "0.0.0"
dependencies = [
 "terminal-parser",
]

[[package]]
name = "terminal-renderer"
version = "0.0.0"
dependencies = [
 "terminal-buffer",
]

[[package]]
name = "terminal-settings"
version = "0.1.0"
dependencies = [
 "terminal-foundation",
]

[[package]]
name = "unicode-segmentation"
version = "1.12.0"
source = "registry+https://github.com/rust-lang/crates.io-index"
checksum = "f6ccf251212114b54433ec949fd6a7841275f9ada20dddd2f29e9ceea4501493"

[[package]]
name = "unicode-width"
version = "0.2.0"
source = "registry+https://github.com/rust-lang/crates.io-index"
checksum = "1fc81956842c57dac11422a97c3b8195a1ff727f06e85c84ed2e8aa277c9a0fd"
