<?xml version="1.0" encoding="utf-8"?>
<Project ToolsVersion="4.0" xmlns="http://schemas.microsoft.com/developer/msbuild/2003">
  <ItemGroup>
    <ClCompile Include="pch.cpp" />
    <ClCompile Include="main.cpp" />
  </ItemGroup>
  <ItemGroup>
    <ClInclude Include="pch.h" />
  </ItemGroup>
  <ItemGroup>
    <Image Include="Assets\Logo.scale-100.png">
      <Filter>Assets</Filter>
    </Image>
    <Image Include="Assets\SmallLogo.scale-100.png">
      <Filter>Assets</Filter>
    </Image>
    <Image Include="Assets\SplashScreen.scale-100.png">
      <Filter>Assets</Filter>
    </Image>
    <Image Include="Assets\StoreLogo.scale-100.png">
      <Filter>Assets</Filter>
    </Image>
    <Image Include="Assets\WideLogo.scale-100.png">
      <Filter>Assets</Filter>
    </Image>
    <Image Include="..\CascadiaPackage\ProfileIcons\{b453ae62-4e3d-5e58-b989-0a998ec441b8}.scale-200.png">
      <Filter>ProfileIcons</Filter>
    </Image>
    <Image Include="..\CascadiaPackage\ProfileIcons\{0caa0dad-35be-5f56-a8ff-afceeeaa6101}.scale-100.png">
      <Filter>ProfileIcons</Filter>
    </Image>
    <Image Include="..\CascadiaPackage\ProfileIcons\{0caa0dad-35be-5f56-a8ff-afceeeaa6101}.scale-200.png">
      <Filter>ProfileIcons</Filter>
    </Image>
    <Image Include="..\CascadiaPackage\ProfileIcons\{9acb9455-ca41-5af7-950f-6bca1bc9722f}.scale-100.png">
      <Filter>ProfileIcons</Filter>
    </Image>
    <Image Include="..\CascadiaPackage\ProfileIcons\{9acb9455-ca41-5af7-950f-6bca1bc9722f}.scale-200.png">
      <Filter>ProfileIcons</Filter>
    </Image>
    <Image Include="..\CascadiaPackage\ProfileIcons\{61c54bbd-c2c6-5271-96e7-009a87ff44bf}.scale-100.png">
      <Filter>ProfileIcons</Filter>
    </Image>
    <Image Include="..\CascadiaPackage\ProfileIcons\{61c54bbd-c2c6-5271-96e7-009a87ff44bf}.scale-200.png">
      <Filter>ProfileIcons</Filter>
    </Image>
    <Image Include="..\CascadiaPackage\ProfileIcons\{574e775e-4f2a-5b96-ac1e-a2962a402336}.scale-100.png">
      <Filter>ProfileIcons</Filter>
    </Image>
    <Image Include="..\CascadiaPackage\ProfileIcons\{574e775e-4f2a-5b96-ac1e-a2962a402336}.scale-200.png">
      <Filter>ProfileIcons</Filter>
    </Image>
    <Image Include="..\CascadiaPackage\ProfileIcons\{b453ae62-4e3d-5e58-b989-0a998ec441b8}.scale-100.png">
      <Filter>ProfileIcons</Filter>
    </Image>
  </ItemGroup>
  <ItemGroup>
    <AppxManifest Include="Package.appxmanifest" />
  </ItemGroup>
  <ItemGroup>
    <Filter Include="Assets">
      <UniqueIdentifier>{db9086fe-bacc-4437-8272-1aa6642082db}</UniqueIdentifier>
    </Filter>
    <Filter Include="ProfileIcons">
      <UniqueIdentifier>{6dd63dc2-5981-40ee-ae27-f241b65cd28e}</UniqueIdentifier>
    </Filter>
  </ItemGroup>
  <ItemGroup>
    <None Include="PropertySheet.props" />
    <None Include="packages.config" />
  </ItemGroup>
  <ItemGroup>
    <Text Include="readme.txt" />
  </ItemGroup>
</Project>