<?xml version="1.0" encoding="utf-8"?>
<Project ToolsVersion="4.0" xmlns="http://schemas.microsoft.com/developer/msbuild/2003">
  <ItemGroup>
    <ClCompile Include="pch.cpp" />
    <ClCompile Include="main.cpp" />
  </ItemGroup>
  <ItemGroup>
    <ClInclude Include="pch.h" />
  </ItemGroup>
  <ItemGroup>
    <AppxManifest Include="Package-Dev.appxmanifest" />
  </ItemGroup>
  <ItemGroup>
    <None Include="PropertySheet.props" />
    <None Include="packages.config" />
  </ItemGroup>
  <ItemGroup>
    <Filter Include="Resources">
      <UniqueIdentifier>{4718a03b-f768-4d96-9106-096573a315a3}</UniqueIdentifier>
    </Filter>
  </ItemGroup>
  <ItemGroup>
    <PRIResource Include="Resources.devicefamily-core.resw">
      <Filter>Resources</Filter>
    </PRIResource>
    <PRIResource Include="Resources\en-US\Resources.resw">
      <Filter>Resources</Filter>
    </PRIResource>
    <PRIResource Include="Resources.resw">
      <Filter>Resources</Filter>
    </PRIResource>
  </ItemGroup>
  <ItemGroup>
    <Image Include="internal-background.png" />
  </ItemGroup>
</Project>