<?xml version="1.0" encoding="utf-8"?>
<Project ToolsVersion="4.0" xmlns="http://schemas.microsoft.com/developer/msbuild/2003">
  <ItemGroup>
    <ApplicationDefinition Include="App.xaml" />
  </ItemGroup>
  <ItemGroup>
    <Page Include="MainPage.xaml" />
    <Page Include="Globals.xaml" />
    <Page Include="Profiles.xaml" />
    <Page Include="ColorSchemes.xaml" />
    <Page Include="Keybindings.xaml" />
    <Page Include="Launch.xaml" />
    <Page Include="Interaction.xaml" />
    <Page Include="Rendering.xaml" />
    <Page Include="GlobalAppearance.xaml" />
    <Page Include="Home.xaml" />
    <Page Include="AddProfile.xaml" />
  </ItemGroup>
  <ItemGroup>
    <Midl Include="App.idl" />
    <Midl Include="MainPage.idl" />
    <Midl Include="ObjectModel\ColorScheme.idl">
      <Filter>ObjectModel</Filter>
    </Midl>
    <Midl Include="ObjectModel\ColorSchemeModel.idl">
      <Filter>ObjectModel</Filter>
    </Midl>
    <Midl Include="HomeGridItem.idl" />
    <Midl Include="SettingsControlViewModel.idl" />
    <Midl Include="ObjectModel\ProfileModel.idl">
      <Filter>ObjectModel</Filter>
    </Midl>
    <Midl Include="ObjectModel\Profile.idl">
      <Filter>ObjectModel</Filter>
    </Midl>
  </ItemGroup>
  <ItemGroup>
    <ClCompile Include="pch.cpp" />
    <ClCompile Include="App.cpp" />
    <ClCompile Include="MainPage.cpp" />
    <ClCompile Include="$(GeneratedFilesDir)module.g.cpp" />
    <ClCompile Include="ObjectModel\AppSettings.cpp">
      <Filter>ObjectModel</Filter>
    </ClCompile>
    <ClCompile Include="ObjectModel\ColorScheme.cpp">
      <Filter>ObjectModel</Filter>
    </ClCompile>
    <ClCompile Include="ObjectModel\GlobalSettings.cpp">
      <Filter>ObjectModel</Filter>
    </ClCompile>
    <ClCompile Include="ObjectModel\Profile.cpp">
      <Filter>ObjectModel</Filter>
    </ClCompile>
    <ClCompile Include="ObjectModel\ColorSchemeModel.cpp">
      <Filter>ObjectModel</Filter>
    </ClCompile>
    <ClCompile Include="HomeGridItem.cpp" />
    <ClCompile Include="SettingsControlViewModel.cpp" />
  </ItemGroup>
  <ItemGroup>
    <ClInclude Include="pch.h" />
    <ClInclude Include="ObjectModel\AppSettings.h">
      <Filter>ObjectModel</Filter>
    </ClInclude>
    <ClInclude Include="ObjectModel\ColorScheme.h">
      <Filter>ObjectModel</Filter>
    </ClInclude>
    <ClInclude Include="ObjectModel\GlobalSettings.h">
      <Filter>ObjectModel</Filter>
    </ClInclude>
    <ClInclude Include="ObjectModel\Profile.h">
      <Filter>ObjectModel</Filter>
    </ClInclude>
    <ClInclude Include="ObjectModel\ColorSchemeModel.h">
      <Filter>ObjectModel</Filter>
    </ClInclude>
    <ClInclude Include="HomeGridItem.h" />
    <ClInclude Include="SettingsControlViewModel.h" />
  </ItemGroup>
  <ItemGroup>
    <Image Include="Assets\Wide310x150Logo.scale-200.png">
      <Filter>Assets</Filter>
    </Image>
    <Image Include="Assets\StoreLogo.png">
      <Filter>Assets</Filter>
    </Image>
    <Image Include="Assets\Square150x150Logo.scale-200.png">
      <Filter>Assets</Filter>
    </Image>
    <Image Include="Assets\Square44x44Logo.targetsize-24_altform-unplated.png">
      <Filter>Assets</Filter>
    </Image>
    <Image Include="Assets\Square44x44Logo.scale-200.png">
      <Filter>Assets</Filter>
    </Image>
    <Image Include="Assets\SplashScreen.scale-200.png">
      <Filter>Assets</Filter>
    </Image>
    <Image Include="Assets\LockScreenLogo.scale-200.png">
      <Filter>Assets</Filter>
    </Image>
    <Image Include="Assets\AllTerminalProfiles (2).png">
      <Filter>Assets</Filter>
    </Image>
    <Image Include="Assets\AllTerminalProfiles (3).png">
      <Filter>Assets</Filter>
    </Image>
    <Image Include="Assets\AllTerminalProfiles (4).png">
      <Filter>Assets</Filter>
    </Image>
    <Image Include="Assets\AllTerminalProfiles (5).png">
      <Filter>Assets</Filter>
    </Image>
    <Image Include="Assets\AllTerminalProfiles (6).png">
      <Filter>Assets</Filter>
    </Image>
    <Image Include="Assets\AllTerminalProfiles (7).png">
      <Filter>Assets</Filter>
    </Image>
    <Image Include="Assets\AllTerminalColorSchemes (2).png">
      <Filter>Assets</Filter>
    </Image>
    <Image Include="Assets\AllTerminalColorSchemes (3).png">
      <Filter>Assets</Filter>
    </Image>
    <Image Include="Assets\AllTerminalColorSchemes (4).png">
      <Filter>Assets</Filter>
    </Image>
    <Image Include="Assets\AllTerminalColorSchemes (5).png">
      <Filter>Assets</Filter>
    </Image>
    <Image Include="Assets\AllTerminalColorSchemes (6).png">
      <Filter>Assets</Filter>
    </Image>
    <Image Include="Assets\AllTerminalColorSchemes (7).png">
      <Filter>Assets</Filter>
    </Image>
  </ItemGroup>
  <ItemGroup>
    <AppxManifest Include="Package.appxmanifest" />
  </ItemGroup>
  <ItemGroup>
    <Filter Include="Assets">
      <UniqueIdentifier>{e48dc53e-40b1-40cb-970a-f89935452892}</UniqueIdentifier>
    </Filter>
    <Filter Include="ObjectModel">
      <UniqueIdentifier>{82df4a65-69a2-4d4a-bd7f-3eb55c6b2533}</UniqueIdentifier>
    </Filter>
  </ItemGroup>
  <ItemGroup>
    <None Include="PropertySheet.props" />
    <None Include="packages.config" />
  </ItemGroup>
  <ItemGroup>
    <Text Include="readme.txt" />
  </ItemGroup>
</Project>
