<?xml version="1.0" encoding="utf-8"?>
<Project ToolsVersion="4.0" xmlns="http://schemas.microsoft.com/developer/msbuild/2003">
  <ItemGroup>
    <Filter Include="Source Files">
      <UniqueIdentifier>{4FC737F1-C7A5-4376-A066-2A32D752A2FF}</UniqueIdentifier>
      <Extensions>cpp;c;cc;cxx;def;odl;idl;hpj;bat;asm;asmx</Extensions>
    </Filter>
    <Filter Include="Header Files">
      <UniqueIdentifier>{93995380-89BD-4b04-88EB-625FBE52EBFB}</UniqueIdentifier>
      <Extensions>h;hh;hpp;hxx;hm;inl;inc;xsd</Extensions>
    </Filter>
    <Filter Include="Resource Files">
      <UniqueIdentifier>{67DA6AB6-F800-4c08-8B7A-83BB121AAD01}</UniqueIdentifier>
      <Extensions>rc;ico;cur;bmp;dlg;rc2;rct;bin;rgs;gif;jpg;jpeg;jpe;resx;tiff;tif;png;wav;mfcribbon-ms</Extensions>
    </Filter>
    <Filter Include="Source Files\API">
      <UniqueIdentifier>{ff4de03f-e6e3-44a0-9a53-06d0b3943469}</UniqueIdentifier>
    </Filter>
    <Filter Include="Source Files\Message">
      <UniqueIdentifier>{ac4e9c27-4849-46e8-bd03-0af91bcb6a87}</UniqueIdentifier>
    </Filter>
    <Filter Include="Source Files\CJK">
      <UniqueIdentifier>{f4d0ca10-abd1-4469-b871-ffc5098754e3}</UniqueIdentifier>
    </Filter>
  </ItemGroup>
  <ItemGroup>
    <ClCompile Include="precomp.cpp">
      <Filter>Source Files</Filter>
    </ClCompile>
    <ClCompile Include="API_BufferTests.cpp">
      <Filter>Source Files\API</Filter>
    </ClCompile>
    <ClCompile Include="Common.cpp">
      <Filter>Source Files</Filter>
    </ClCompile>
    <ClCompile Include="API_CursorTests.cpp">
      <Filter>Source Files\API</Filter>
    </ClCompile>
    <ClCompile Include="API_DimensionsTests.cpp">
      <Filter>Source Files\API</Filter>
    </ClCompile>
    <ClCompile Include="API_FontTests.cpp">
      <Filter>Source Files\API</Filter>
    </ClCompile>
    <ClCompile Include="API_ModeTests.cpp">
      <Filter>Source Files\API</Filter>
    </ClCompile>
    <ClCompile Include="API_InputTests.cpp">
      <Filter>Source Files\API</Filter>
    </ClCompile>
    <ClCompile Include="API_RgbColorTests.cpp">
      <Filter>Source Files\API</Filter>
    </ClCompile>
    <ClCompile Include="Message_KeyPressTests.cpp">
      <Filter>Source Files\Message</Filter>
    </ClCompile>
    <ClCompile Include="CJK_DbcsTests.cpp">
      <Filter>Source Files\CJK</Filter>
    </ClCompile>
    <ClCompile Include="API_TitleTests.cpp">
      <Filter>Source Files\API</Filter>
    </ClCompile>
    <ClCompile Include="API_AliasTests.cpp">
      <Filter>Source Files\API</Filter>
    </ClCompile>
    <ClCompile Include="API_FileTests.cpp">
      <Filter>Source Files\API</Filter>
    </ClCompile>
    <ClCompile Include="API_PolicyTests.cpp">
      <Filter>Source Files\API</Filter>
    </ClCompile>
    <ClCompile Include="OneCoreDelay.cpp">
      <Filter>Source Files</Filter>
    </ClCompile>
    <ClCompile Include="InitTests.cpp">
      <Filter>Source Files</Filter>
    </ClCompile>
    <ClCompile Include="CanaryTests.cpp">
      <Filter>Source Files</Filter>
    </ClCompile>
    <ClCompile Include="API_OutputTests.cpp">
      <Filter>Source Files\API</Filter>
    </ClCompile>
    <ClCompile Include="API_FillOutputTests.cpp">
      <Filter>Source Files\API</Filter>
    </ClCompile>
    <ClCompile Include="API_MultipleInflightMessageTests.cpp">
      <Filter>Source Files\API</Filter>
    </ClCompile>
  </ItemGroup>
  <ItemGroup>
    <ClInclude Include="Common.hpp">
      <Filter>Header Files</Filter>
    </ClInclude>
    <ClInclude Include="precomp.h">
      <Filter>Header Files</Filter>
    </ClInclude>
    <ClInclude Include="API_AliasTestsHelpers.hpp">
      <Filter>Header Files</Filter>
    </ClInclude>
    <ClInclude Include="OneCoreDelay.hpp">
      <Filter>Header Files</Filter>
    </ClInclude>
    <ClInclude Include="resource.h">
      <Filter>Header Files</Filter>
    </ClInclude>
  </ItemGroup>
  <ItemGroup>
    <Natvis Include="$(SolutionDir)tools\ConsoleTypes.natvis" />
  </ItemGroup>
  <ItemGroup>
    <ResourceCompile Include="Host.Tests.Feature.rc">
      <Filter>Resource Files</Filter>
    </ResourceCompile>
  </ItemGroup>
</Project>