<?xml version="1.0" encoding="utf-8"?>
<Project ToolsVersion="4.0" xmlns="http://schemas.microsoft.com/developer/msbuild/2003">
  <ItemGroup>
    <Filter Include="Source Files">
      <UniqueIdentifier>{4FC737F1-C7A5-4376-A066-2A32D752A2FF}</UniqueIdentifier>
      <Extensions>cpp;c;cc;cxx;def;odl;idl;hpj;bat;asm;asmx</Extensions>
    </Filter>
    <Filter Include="Header Files">
      <UniqueIdentifier>{93995380-89BD-4b04-88EB-625FBE52EBFB}</UniqueIdentifier>
      <Extensions>h;hh;hpp;hxx;hm;inl;inc;xsd</Extensions>
    </Filter>
    <Filter Include="Resource Files">
      <UniqueIdentifier>{67DA6AB6-F800-4c08-8B7A-83BB121AAD01}</UniqueIdentifier>
      <Extensions>rc;ico;cur;bmp;dlg;rc2;rct;bin;rgs;gif;jpg;jpeg;jpe;resx;tiff;tif;png;wav;mfcribbon-ms</Extensions>
    </Filter>
  </ItemGroup>
  <ItemGroup>
    <ClCompile Include="..\_output.cpp">
      <Filter>Source Files</Filter>
    </ClCompile>
    <ClCompile Include="..\_stream.cpp">
      <Filter>Source Files</Filter>
    </ClCompile>
    <ClCompile Include="..\cmdline.cpp">
      <Filter>Source Files</Filter>
    </ClCompile>
    <ClCompile Include="..\consoleInformation.cpp">
      <Filter>Source Files</Filter>
    </ClCompile>
    <ClCompile Include="..\convarea.cpp">
      <Filter>Source Files</Filter>
    </ClCompile>
    <ClCompile Include="..\dbcs.cpp">
      <Filter>Source Files</Filter>
    </ClCompile>
    <ClCompile Include="..\directio.cpp">
      <Filter>Source Files</Filter>
    </ClCompile>
    <ClCompile Include="..\getset.cpp">
      <Filter>Source Files</Filter>
    </ClCompile>
    <ClCompile Include="..\handle.cpp">
      <Filter>Source Files</Filter>
    </ClCompile>
    <ClCompile Include="..\input.cpp">
      <Filter>Source Files</Filter>
    </ClCompile>
    <ClCompile Include="..\inputBuffer.cpp">
      <Filter>Source Files</Filter>
    </ClCompile>
    <ClCompile Include="..\inputKeyInfo.cpp">
      <Filter>Source Files</Filter>
    </ClCompile>
    <ClCompile Include="..\inputReadHandleData.cpp">
      <Filter>Source Files</Filter>
    </ClCompile>
    <ClCompile Include="..\misc.cpp">
      <Filter>Source Files</Filter>
    </ClCompile>
    <ClCompile Include="..\output.cpp">
      <Filter>Source Files</Filter>
    </ClCompile>
    <ClCompile Include="..\outputStream.cpp">
      <Filter>Source Files</Filter>
    </ClCompile>
    <ClCompile Include="..\precomp.cpp">
      <Filter>Source Files</Filter>
    </ClCompile>
    <ClCompile Include="..\registry.cpp">
      <Filter>Source Files</Filter>
    </ClCompile>
    <ClCompile Include="..\renderData.cpp">
      <Filter>Source Files</Filter>
    </ClCompile>
    <ClCompile Include="..\renderFontDefaults.cpp">
      <Filter>Source Files</Filter>
    </ClCompile>
    <ClCompile Include="..\screenInfo.cpp">
      <Filter>Source Files</Filter>
    </ClCompile>
    <ClCompile Include="..\scrolling.cpp">
      <Filter>Source Files</Filter>
    </ClCompile>
    <ClCompile Include="..\selection.cpp">
      <Filter>Source Files</Filter>
    </ClCompile>
    <ClCompile Include="..\selectionInput.cpp">
      <Filter>Source Files</Filter>
    </ClCompile>
    <ClCompile Include="..\selectionState.cpp">
      <Filter>Source Files</Filter>
    </ClCompile>
    <ClCompile Include="..\settings.cpp">
      <Filter>Source Files</Filter>
    </ClCompile>
    <ClCompile Include="..\srvinit.cpp">
      <Filter>Source Files</Filter>
    </ClCompile>
    <ClCompile Include="..\stream.cpp">
      <Filter>Source Files</Filter>
    </ClCompile>
    <ClCompile Include="..\telemetry.cpp">
      <Filter>Source Files</Filter>
    </ClCompile>
    <ClCompile Include="..\tracing.cpp">
      <Filter>Source Files</Filter>
    </ClCompile>
    <ClCompile Include="..\utils.cpp">
      <Filter>Source Files</Filter>
    </ClCompile>
    <ClCompile Include="..\conimeinfo.cpp">
      <Filter>Source Files</Filter>
    </ClCompile>
    <ClCompile Include="..\utf8ToWideCharParser.cpp">
      <Filter>Source Files</Filter>
    </ClCompile>
    <ClCompile Include="..\ntprivapi.cpp">
      <Filter>Source Files</Filter>
    </ClCompile>
    <ClCompile Include="..\init.cpp">
      <Filter>Source Files</Filter>
    </ClCompile>
    <ClCompile Include="..\globals.cpp">
      <Filter>Source Files</Filter>
    </ClCompile>
    <ClCompile Include="..\readData.cpp">
      <Filter>Source Files</Filter>
    </ClCompile>
    <ClCompile Include="..\readDataRaw.cpp">
      <Filter>Source Files</Filter>
    </ClCompile>
    <ClCompile Include="..\readDataDirect.cpp">
      <Filter>Source Files</Filter>
    </ClCompile>
    <ClCompile Include="..\readDataCooked.cpp">
      <Filter>Source Files</Filter>
    </ClCompile>
    <ClCompile Include="..\writeData.cpp">
      <Filter>Source Files</Filter>
    </ClCompile>
    <ClCompile Include="..\conattrs.cpp">
      <Filter>Source Files</Filter>
    </ClCompile>
    <ClCompile Include="..\VtInputThread.cpp">
      <Filter>Source Files</Filter>
    </ClCompile>
    <ClCompile Include="..\VtIo.cpp">
      <Filter>Source Files</Filter>
    </ClCompile>
    <ClCompile Include="..\ConsoleArguments.cpp">
      <Filter>Source Files</Filter>
    </ClCompile>
    <ClCompile Include="..\alias.cpp">
      <Filter>Source Files</Filter>
    </ClCompile>
    <ClCompile Include="..\history.cpp">
      <Filter>Source Files</Filter>
    </ClCompile>
    <ClCompile Include="..\PtySignalInputThread.cpp">
      <Filter>Source Files</Filter>
    </ClCompile>
    <ClCompile Include="..\conareainfo.cpp">
      <Filter>Source Files</Filter>
    </ClCompile>
    <ClCompile Include="..\popup.cpp">
      <Filter>Source Files</Filter>
    </ClCompile>
    <ClCompile Include="..\CommandNumberPopup.cpp">
      <Filter>Source Files</Filter>
    </ClCompile>
    <ClCompile Include="..\CommandListPopup.cpp">
      <Filter>Source Files</Filter>
    </ClCompile>
    <ClCompile Include="..\CopyFromCharPopup.cpp">
      <Filter>Source Files</Filter>
    </ClCompile>
    <ClCompile Include="..\CopyToCharPopup.cpp">
      <Filter>Source Files</Filter>
    </ClCompile>
    <ClCompile Include="..\CursorBlinker.cpp">
      <Filter>Source Files</Filter>
    </ClCompile>
    <ClCompile Include="..\ScreenBufferRenderTarget.cpp">
      <Filter>Source Files</Filter>
    </ClCompile>
  </ItemGroup>
  <ItemGroup>
    <ClInclude Include="..\precomp.h">
      <Filter>Header Files</Filter>
    </ClInclude>
    <ClInclude Include="..\registry.hpp">
      <Filter>Header Files</Filter>
    </ClInclude>
    <ClInclude Include="..\renderData.hpp">
      <Filter>Header Files</Filter>
    </ClInclude>
    <ClInclude Include="..\renderFontDefaults.hpp">
      <Filter>Header Files</Filter>
    </ClInclude>
    <ClInclude Include="..\screenInfo.hpp">
      <Filter>Header Files</Filter>
    </ClInclude>
    <ClInclude Include="..\scrolling.hpp">
      <Filter>Header Files</Filter>
    </ClInclude>
    <ClInclude Include="..\selection.hpp">
      <Filter>Header Files</Filter>
    </ClInclude>
    <ClInclude Include="..\server.h">
      <Filter>Header Files</Filter>
    </ClInclude>
    <ClInclude Include="..\settings.hpp">
      <Filter>Header Files</Filter>
    </ClInclude>
    <ClInclude Include="..\srvinit.h">
      <Filter>Header Files</Filter>
    </ClInclude>
    <ClInclude Include="..\stream.h">
      <Filter>Header Files</Filter>
    </ClInclude>
    <ClInclude Include="..\telemetry.hpp">
      <Filter>Header Files</Filter>
    </ClInclude>
    <ClInclude Include="..\tracing.hpp">
      <Filter>Header Files</Filter>
    </ClInclude>
    <ClInclude Include="..\utils.hpp">
      <Filter>Header Files</Filter>
    </ClInclude>
    <ClInclude Include="..\_output.h">
      <Filter>Header Files</Filter>
    </ClInclude>
    <ClInclude Include="..\_stream.h">
      <Filter>Header Files</Filter>
    </ClInclude>
    <ClInclude Include="..\cmdline.h">
      <Filter>Header Files</Filter>
    </ClInclude>
    <ClInclude Include="..\conapi.h">
      <Filter>Header Files</Filter>
    </ClInclude>
    <ClInclude Include="..\conddkrefs.h">
      <Filter>Header Files</Filter>
    </ClInclude>
    <ClInclude Include="..\conimeinfo.h">
      <Filter>Header Files</Filter>
    </ClInclude>
    <ClInclude Include="..\conserv.h">
      <Filter>Header Files</Filter>
    </ClInclude>
    <ClInclude Include="..\conv.h">
      <Filter>Header Files</Filter>
    </ClInclude>
    <ClInclude Include="..\conwinuserrefs.h">
      <Filter>Header Files</Filter>
    </ClInclude>
    <ClInclude Include="..\dbcs.h">
      <Filter>Header Files</Filter>
    </ClInclude>
    <ClInclude Include="..\directio.h">
      <Filter>Header Files</Filter>
    </ClInclude>
    <ClInclude Include="..\getset.h">
      <Filter>Header Files</Filter>
    </ClInclude>
    <ClInclude Include="..\globals.h">
      <Filter>Header Files</Filter>
    </ClInclude>
    <ClInclude Include="..\handle.h">
      <Filter>Header Files</Filter>
    </ClInclude>
    <ClInclude Include="..\input.h">
      <Filter>Header Files</Filter>
    </ClInclude>
    <ClInclude Include="..\inputBuffer.hpp">
      <Filter>Header Files</Filter>
    </ClInclude>
    <ClInclude Include="..\misc.h">
      <Filter>Header Files</Filter>
    </ClInclude>
    <ClInclude Include="..\output.h">
      <Filter>Header Files</Filter>
    </ClInclude>
    <ClInclude Include="..\outputStream.hpp">
      <Filter>Header Files</Filter>
    </ClInclude>
    <ClInclude Include="..\utf8ToWideCharParser.hpp">
      <Filter>Header Files</Filter>
    </ClInclude>
    <ClInclude Include="..\ApiRoutines.h">
      <Filter>Header Files</Filter>
    </ClInclude>
    <ClInclude Include="..\ntprivapi.hpp">
      <Filter>Header Files</Filter>
    </ClInclude>
    <ClInclude Include="..\init.hpp">
      <Filter>Header Files</Filter>
    </ClInclude>
    <ClInclude Include="..\resource.h">
      <Filter>Header Files</Filter>
    </ClInclude>
    <ClInclude Include="..\readData.hpp">
      <Filter>Header Files</Filter>
    </ClInclude>
    <ClInclude Include="..\readDataCooked.hpp">
      <Filter>Header Files</Filter>
    </ClInclude>
    <ClInclude Include="..\rectreadDataDirect.hpp">
      <Filter>Header Files</Filter>
    </ClInclude>
    <ClInclude Include="..\readDataRaw.hpp">
      <Filter>Header Files</Filter>
    </ClInclude>
    <ClInclude Include="..\writeData.hpp">
      <Filter>Header Files</Filter>
    </ClInclude>
    <ClInclude Include="..\VtInputThread.hpp">
      <Filter>Header Files</Filter>
    </ClInclude>
    <ClInclude Include="..\VtIo.hpp">
      <Filter>Header Files</Filter>
    </ClInclude>
    <ClInclude Include="..\ConsoleArguments.hpp">
      <Filter>Header Files</Filter>
    </ClInclude>
    <ClInclude Include="..\alias.h">
      <Filter>Header Files</Filter>
    </ClInclude>
    <ClInclude Include="..\history.h">
      <Filter>Header Files</Filter>
    </ClInclude>
    <ClInclude Include="..\conareainfo.h">
      <Filter>Header Files</Filter>
    </ClInclude>
    <ClInclude Include="..\popup.h">
      <Filter>Header Files</Filter>
    </ClInclude>
    <ClInclude Include="..\CommandNumberPopup.hpp">
      <Filter>Header Files</Filter>
    </ClInclude>
    <ClInclude Include="..\CommandListPopup.hpp">
      <Filter>Header Files</Filter>
    </ClInclude>
    <ClInclude Include="..\CopyFromCharPopup.hpp">
      <Filter>Header Files</Filter>
    </ClInclude>
    <ClInclude Include="..\CopyToCharPopup.hpp">
      <Filter>Header Files</Filter>
    </ClInclude>
    <ClInclude Include="..\CursorBlinker.hpp">
      <Filter>Header Files</Filter>
    </ClInclude>
    <ClInclude Include="..\IIoProvider.hpp">
      <Filter>Header Files</Filter>
    </ClInclude>
    <ClInclude Include="..\ScreenBufferRenderTarget.hpp">
      <Filter>Header Files</Filter>
    </ClInclude>
  </ItemGroup>
  <ItemGroup>
    <Natvis Include="$(SolutionDir)tools\ConsoleTypes.natvis" />
  </ItemGroup>
</Project>